
Microsoft Visual Studio Solution File, Format Version 12.00
# Visual Studio 15
VisualStudioVersion = 15.0.26730.16
MinimumVisualStudioVersion = 10.0.40219.1
Project("{FAE04EC0-301F-11D3-BF4B-00C04F79EFBC}") = "WpfApp1", "WpfApp1\WpfApp1.csproj", "{4A244215-934E-41C7-81DA-6AFEFC8895DF}"
EndProject
Global
	GlobalSection(SolutionConfigurationPlatforms) = preSolution
		Debug|Any CPU = Debug|Any CPU
		Release|Any CPU = Release|Any CPU
	EndGlobalSection
	GlobalSection(ProjectConfigurationPlatforms) = postSolution
		{4A244215-934E-41C7-81DA-6AFEFC8895DF}.Debug|Any CPU.ActiveCfg = Debug|Any CPU
		{4A244215-934E-41C7-81DA-6AFEFC8895DF}.Debug|Any CPU.Build.0 = Debug|Any CPU
		{4A244215-934E-41C7-81DA-6AFEFC8895DF}.Release|Any CPU.ActiveCfg = Release|Any CPU
		{4A244215-934E-41C7-81DA-6AFEFC8895DF}.Release|Any CPU.Build.0 = Release|Any CPU
	EndGlobalSection
	GlobalSection(SolutionProperties) = preSolution
		HideSolutionNode = FALSE
	EndGlobalSection
	GlobalSection(ExtensibilityGlobals) = postSolution
		SolutionGuid = {869AA423-6B09-4D1D-B486-B56389F461FE}
	EndGlobalSection
EndGlobal
